// !$*UTF8*$!
{
	archiveVersion = 1;
	classes = {
	};
	objectVersion = 51;
	objects = {

/* Begin PBXBuildFile section */
		9A6ED6B8E86132D6E70BA4E7 /* Pods_MacBryte.framework in Frameworks */ = {isa = PBXBuildFile; fileRef = 89CE9BE20B233C8D24537C87 /* Pods_MacBryte.framework */; };
		E6247766266C350700554734 /* AppDelegate.swift in Sources */ = {isa = PBXBuildFile; fileRef = E6247765266C350700554734 /* AppDelegate.swift */; };
		E624776A266C350800554734 /* Assets.xcassets in Resources */ = {isa = PBXBuildFile; fileRef = E6247769266C350800554734 /* Assets.xcassets */; };
		E6247776266C355800554734 /* logo.png in Resources */ = {isa = PBXBuildFile; fileRef = E6247775266C355800554734 /* logo.png */; };
		E6E4315E2671AE77009D46BD /* status-bar-icon.png in Resources */ = {isa = PBXBuildFile; fileRef = E6E4315D2671AE77009D46BD /* status-bar-icon.png */; };
		FC074926267311B3006D269D /* EmailService.swift in Sources */ = {isa = PBXBuildFile; fileRef = FC074925267311B3006D269D /* EmailService.swift */; };
		FC07492826731851006D269D /* LinkerService.swift in Sources */ = {isa = PBXBuildFile; fileRef = FC07492726731851006D269D /* LinkerService.swift */; };
		FC07492A2673189E006D269D /* Constants.swift in Sources */ = {isa = PBXBuildFile; fileRef = FC0749292673189E006D269D /* Constants.swift */; };
		FC58D3DA266D2483002C4C1A /* Main.storyboard in Resources */ = {isa = PBXBuildFile; fileRef = FC58D3D9266D2483002C4C1A /* Main.storyboard */; };
		FC58D3DE266D2EE7002C4C1A /* ViewController.swift in Sources */ = {isa = PBXBuildFile; fileRef = FC58D3DD266D2EE7002C4C1A /* ViewController.swift */; };
/* End PBXBuildFile section */

/* Begin PBXFileReference section */
		89CE9BE20B233C8D24537C87 /* Pods_MacBryte.framework */ = {isa = PBXFileReference; explicitFileType = wrapper.framework; includeInIndex = 0; path = Pods_MacBryte.framework; sourceTree = BUILT_PRODUCTS_DIR; };
		B0FE1C517EF3EA39428044A4 /* Pods-MacBryte.release.xcconfig */ = {isa = PBXFileReference; includeInIndex = 1; lastKnownFileType = text.xcconfig; name = "Pods-MacBryte.release.xcconfig"; path = "Target Support Files/Pods-MacBryte/Pods-MacBryte.release.xcconfig"; sourceTree = "<group>"; };
		CCA5179E7853153B2D6945E6 /* Pods-MacBryte.debug.xcconfig */ = {isa = PBXFileReference; includeInIndex = 1; lastKnownFileType = text.xcconfig; name = "Pods-MacBryte.debug.xcconfig"; path = "Target Support Files/Pods-MacBryte/Pods-MacBryte.debug.xcconfig"; sourceTree = "<group>"; };
		E6247762266C350700554734 /* MacBryte.app */ = {isa = PBXFileReference; explicitFileType = wrapper.application; includeInIndex = 0; path = MacBryte.app; sourceTree = BUILT_PRODUCTS_DIR; };
		E6247765266C350700554734 /* AppDelegate.swift */ = {isa = PBXFileReference; lastKnownFileType = sourcecode.swift; path = AppDelegate.swift; sourceTree = "<group>"; };
		E6247769266C350800554734 /* Assets.xcassets */ = {isa = PBXFileReference; lastKnownFileType = folder.assetcatalog; path = Assets.xcassets; sourceTree = "<group>"; };
		E624776E266C350800554734 /* Info.plist */ = {isa = PBXFileReference; lastKnownFileType = text.plist.xml; path = Info.plist; sourceTree = "<group>"; };
		E624776F266C350800554734 /* MacBryte.entitlements */ = {isa = PBXFileReference; lastKnownFileType = text.plist.entitlements; path = MacBryte.entitlements; sourceTree = "<group>"; };
		E6247775266C355800554734 /* logo.png */ = {isa = PBXFileReference; lastKnownFileType = image.png; path = logo.png; sourceTree = "<group>"; };
		E6E4315D2671AE77009D46BD /* status-bar-icon.png */ = {isa = PBXFileReference; lastKnownFileType = image.png; path = "status-bar-icon.png"; sourceTree = "<group>"; };
		FC074925267311B3006D269D /* EmailService.swift */ = {isa = PBXFileReference; lastKnownFileType = sourcecode.swift; path = EmailService.swift; sourceTree = "<group>"; };
		FC07492726731851006D269D /* LinkerService.swift */ = {isa = PBXFileReference; lastKnownFileType = sourcecode.swift; path = LinkerService.swift; sourceTree = "<group>"; };
		FC0749292673189E006D269D /* Constants.swift */ = {isa = PBXFileReference; lastKnownFileType = sourcecode.swift; path = Constants.swift; sourceTree = "<group>"; };
		FC58D3D9266D2483002C4C1A /* Main.storyboard */ = {isa = PBXFileReference; fileEncoding = 4; lastKnownFileType = file.storyboard; path = Main.storyboard; sourceTree = "<group>"; };
		FC58D3DD266D2EE7002C4C1A /* ViewController.swift */ = {isa = PBXFileReference; lastKnownFileType = sourcecode.swift; path = ViewController.swift; sourceTree = "<group>"; };
/* End PBXFileReference section */

/* Begin PBXFrameworksBuildPhase section */
		E624775F266C350700554734 /* Frameworks */ = {
			isa = PBXFrameworksBuildPhase;
			buildActionMask = 2147483647;
			files = (
				9A6ED6B8E86132D6E70BA4E7 /* Pods_MacBryte.framework in Frameworks */,
			);
			runOnlyForDeploymentPostprocessing = 0;
		};
/* End PBXFrameworksBuildPhase section */

/* Begin PBXGroup section */
		4AC4B07CCA3F82DFAAA08D50 /* Pods */ = {
			isa = PBXGroup;
			children = (
				CCA5179E7853153B2D6945E6 /* Pods-MacBryte.debug.xcconfig */,
				B0FE1C517EF3EA39428044A4 /* Pods-MacBryte.release.xcconfig */,
			);
			path = Pods;
			sourceTree = "<group>";
		};
		BF60C6DA988C64C99165FCCB /* Frameworks */ = {
			isa = PBXGroup;
			children = (
				89CE9BE20B233C8D24537C87 /* Pods_MacBryte.framework */,
			);
			name = Frameworks;
			sourceTree = "<group>";
		};
		E6247759266C350700554734 = {
			isa = PBXGroup;
			children = (
				E6247764266C350700554734 /* MacBryte */,
				E6247763266C350700554734 /* Products */,
				4AC4B07CCA3F82DFAAA08D50 /* Pods */,
				BF60C6DA988C64C99165FCCB /* Frameworks */,
			);
			sourceTree = "<group>";
		};
		E6247763266C350700554734 /* Products */ = {
			isa = PBXGroup;
			children = (
				E6247762266C350700554734 /* MacBryte.app */,
			);
			name = Products;
			sourceTree = "<group>";
		};
		E6247764266C350700554734 /* MacBryte */ = {
			isa = PBXGroup;
			children = (
				E6247765266C350700554734 /* AppDelegate.swift */,
				E6247769266C350800554734 /* Assets.xcassets */,
				E624776E266C350800554734 /* Info.plist */,
				E6E4315D2671AE77009D46BD /* status-bar-icon.png */,
				FC58D3D9266D2483002C4C1A /* Main.storyboard */,
				E6247775266C355800554734 /* logo.png */,
				E624776F266C350800554734 /* MacBryte.entitlements */,
				FC58D3DD266D2EE7002C4C1A /* ViewController.swift */,
				FC074925267311B3006D269D /* EmailService.swift */,
				FC07492726731851006D269D /* LinkerService.swift */,
				FC0749292673189E006D269D /* Constants.swift */,
			);
			path = MacBryte;
			sourceTree = "<group>";
		};
/* End PBXGroup section */

/* Begin PBXNativeTarget section */
		E6247761266C350700554734 /* MacBryte */ = {
			isa = PBXNativeTarget;
			buildConfigurationList = E6247772266C350800554734 /* Build configuration list for PBXNativeTarget "MacBryte" */;
			buildPhases = (
				080733D8D542C5CC554D2290 /* [CP] Check Pods Manifest.lock */,
				E624775E266C350700554734 /* Sources */,
				E624775F266C350700554734 /* Frameworks */,
				E6247760266C350700554734 /* Resources */,
				7F16A7B98E28A4D4D70AE113 /* [CP] Embed Pods Frameworks */,
			);
			buildRules = (
			);
			dependencies = (
			);
			name = MacBryte;
			productName = MacBryte;
			productReference = E6247762266C350700554734 /* MacBryte.app */;
			productType = "com.apple.product-type.application";
		};
/* End PBXNativeTarget section */

/* Begin PBXProject section */
		E624775A266C350700554734 /* Project object */ = {
			isa = PBXProject;
			attributes = {
				LastSwiftUpdateCheck = 1250;
				LastUpgradeCheck = 1250;
				TargetAttributes = {
					E6247761266C350700554734 = {
						CreatedOnToolsVersion = 12.5;
					};
				};
			};
			buildConfigurationList = E624775D266C350700554734 /* Build configuration list for PBXProject "MacBryte" */;
			compatibilityVersion = "Xcode 9.3";
			developmentRegion = en;
			hasScannedForEncodings = 0;
			knownRegions = (
				en,
				Base,
			);
			mainGroup = E6247759266C350700554734;
			productRefGroup = E6247763266C350700554734 /* Products */;
			projectDirPath = "";
			projectRoot = "";
			targets = (
				E6247761266C350700554734 /* MacBryte */,
			);
		};
/* End PBXProject section */

/* Begin PBXResourcesBuildPhase section */
		E6247760266C350700554734 /* Resources */ = {
			isa = PBXResourcesBuildPhase;
			buildActionMask = 2147483647;
			files = (
				FC58D3DA266D2483002C4C1A /* Main.storyboard in Resources */,
				E624776A266C350800554734 /* Assets.xcassets in Resources */,
				E6E4315E2671AE77009D46BD /* status-bar-icon.png in Resources */,
				E6247776266C355800554734 /* logo.png in Resources */,
			);
			runOnlyForDeploymentPostprocessing = 0;
		};
/* End PBXResourcesBuildPhase section */

/* Begin PBXShellScriptBuildPhase section */
		080733D8D542C5CC554D2290 /* [CP] Check Pods Manifest.lock */ = {
			isa = PBXShellScriptBuildPhase;
			buildActionMask = 2147483647;
			files = (
			);
			inputFileListPaths = (
			);
			inputPaths = (
				"${PODS_PODFILE_DIR_PATH}/Podfile.lock",
				"${PODS_ROOT}/Manifest.lock",
			);
			name = "[CP] Check Pods Manifest.lock";
			outputFileListPaths = (
			);
			outputPaths = (
				"$(DERIVED_FILE_DIR)/Pods-MacBryte-checkManifestLockResult.txt",
			);
			runOnlyForDeploymentPostprocessing = 0;
			shellPath = /bin/sh;
			shellScript = "diff \"${PODS_PODFILE_DIR_PATH}/Podfile.lock\" \"${PODS_ROOT}/Manifest.lock\" > /dev/null\nif [ $? != 0 ] ; then\n    # print error to STDERR\n    echo \"error: The sandbox is not in sync with the Podfile.lock. Run 'pod install' or update your CocoaPods installation.\" >&2\n    exit 1\nfi\n# This output is used by Xcode 'outputs' to avoid re-running this script phase.\necho \"SUCCESS\" > \"${SCRIPT_OUTPUT_FILE_0}\"\n";
			showEnvVarsInLog = 0;
		};
		7F16A7B98E28A4D4D70AE113 /* [CP] Embed Pods Frameworks */ = {
			isa = PBXShellScriptBuildPhase;
			buildActionMask = 2147483647;
			files = (
			);
			inputFileListPaths = (
				"${PODS_ROOT}/Target Support Files/Pods-MacBryte/Pods-MacBryte-frameworks-${CONFIGURATION}-input-files.xcfilelist",
			);
			name = "[CP] Embed Pods Frameworks";
			outputFileListPaths = (
				"${PODS_ROOT}/Target Support Files/Pods-MacBryte/Pods-MacBryte-frameworks-${CONFIGURATION}-output-files.xcfilelist",
			);
			runOnlyForDeploymentPostprocessing = 0;
			shellPath = /bin/sh;
			shellScript = "\"${PODS_ROOT}/Target Support Files/Pods-MacBryte/Pods-MacBryte-frameworks.sh\"\n";
			showEnvVarsInLog = 0;
		};
/* End PBXShellScriptBuildPhase section */

/* Begin PBXSourcesBuildPhase section */
		E624775E266C350700554734 /* Sources */ = {
			isa = PBXSourcesBuildPhase;
			buildActionMask = 2147483647;
			files = (
				FC07492A2673189E006D269D /* Constants.swift in Sources */,
				FC07492826731851006D269D /* LinkerService.swift in Sources */,
				FC074926267311B3006D269D /* EmailService.swift in Sources */,
				FC58D3DE266D2EE7002C4C1A /* ViewController.swift in Sources */,
				E6247766266C350700554734 /* AppDelegate.swift in Sources */,
			);
			runOnlyForDeploymentPostprocessing = 0;
		};
/* End PBXSourcesBuildPhase section */

/* Begin XCBuildConfiguration section */
		E6247770266C350800554734 /* Debug */ = {
			isa = XCBuildConfiguration;
			buildSettings = {
				ALWAYS_SEARCH_USER_PATHS = NO;
				CLANG_ANALYZER_NONNULL = YES;
				CLANG_ANALYZER_NUMBER_OBJECT_CONVERSION = YES_AGGRESSIVE;
				CLANG_CXX_LANGUAGE_STANDARD = "gnu++14";
				CLANG_CXX_LIBRARY = "libc++";
				CLANG_ENABLE_MODULES = YES;
				CLANG_ENABLE_OBJC_ARC = YES;
				CLANG_ENABLE_OBJC_WEAK = YES;
				CLANG_WARN_BLOCK_CAPTURE_AUTORELEASING = YES;
				CLANG_WARN_BOOL_CONVERSION = YES;
				CLANG_WARN_COMMA = YES;
				CLANG_WARN_CONSTANT_CONVERSION = YES;
				CLANG_WARN_DEPRECATED_OBJC_IMPLEMENTATIONS = YES;
				CLANG_WARN_DIRECT_OBJC_ISA_USAGE = YES_ERROR;
				CLANG_WARN_DOCUMENTATION_COMMENTS = YES;
				CLANG_WARN_EMPTY_BODY = YES;
				CLANG_WARN_ENUM_CONVERSION = YES;
				CLANG_WARN_INFINITE_RECURSION = YES;
				CLANG_WARN_INT_CONVERSION = YES;
				CLANG_WARN_NON_LITERAL_NULL_CONVERSION = YES;
				CLANG_WARN_OBJC_IMPLICIT_RETAIN_SELF = YES;
				CLANG_WARN_OBJC_LITERAL_CONVERSION = YES;
				CLANG_WARN_OBJC_ROOT_CLASS = YES_ERROR;
				CLANG_WARN_QUOTED_INCLUDE_IN_FRAMEWORK_HEADER = YES;
				CLANG_WARN_RANGE_LOOP_ANALYSIS = YES;
				CLANG_WARN_STRICT_PROTOTYPES = YES;
				CLANG_WARN_SUSPICIOUS_MOVE = YES;
				CLANG_WARN_UNGUARDED_AVAILABILITY = YES_AGGRESSIVE;
				CLANG_WARN_UNREACHABLE_CODE = YES;
				CLANG_WARN__DUPLICATE_METHOD_MATCH = YES;
				COPY_PHASE_STRIP = NO;
				DEBUG_INFORMATION_FORMAT = dwarf;
				ENABLE_STRICT_OBJC_MSGSEND = YES;
				ENABLE_TESTABILITY = YES;
				GCC_C_LANGUAGE_STANDARD = gnu11;
				GCC_DYNAMIC_NO_PIC = NO;
				GCC_NO_COMMON_BLOCKS = YES;
				GCC_OPTIMIZATION_LEVEL = 0;
				GCC_PREPROCESSOR_DEFINITIONS = (
					"DEBUG=1",
					"$(inherited)",
				);
				GCC_WARN_64_TO_32_BIT_CONVERSION = YES;
				GCC_WARN_ABOUT_RETURN_TYPE = YES_ERROR;
				GCC_WARN_UNDECLARED_SELECTOR = YES;
				GCC_WARN_UNINITIALIZED_AUTOS = YES_AGGRESSIVE;
				GCC_WARN_UNUSED_FUNCTION = YES;
				GCC_WARN_UNUSED_VARIABLE = YES;
				MACOSX_DEPLOYMENT_TARGET = 11.2;
				MTL_ENABLE_DEBUG_INFO = INCLUDE_SOURCE;
				MTL_FAST_MATH = YES;
				ONLY_ACTIVE_ARCH = YES;
				SDKROOT = macosx;
				SWIFT_ACTIVE_COMPILATION_CONDITIONS = DEBUG;
				SWIFT_OPTIMIZATION_LEVEL = "-Onone";
			};
			name = Debug;
		};
		E6247771266C350800554734 /* Release */ = {
			isa = XCBuildConfiguration;
			buildSettings = {
				ALWAYS_SEARCH_USER_PATHS = NO;
				CLANG_ANALYZER_NONNULL = YES;
				CLANG_ANALYZER_NUMBER_OBJECT_CONVERSION = YES_AGGRESSIVE;
				CLANG_CXX_LANGUAGE_STANDARD = "gnu++14";
				CLANG_CXX_LIBRARY = "libc++";
				CLANG_ENABLE_MODULES = YES;
				CLANG_ENABLE_OBJC_ARC = YES;
				CLANG_ENABLE_OBJC_WEAK = YES;
				CLANG_WARN_BLOCK_CAPTURE_AUTORELEASING = YES;
				CLANG_WARN_BOOL_CONVERSION = YES;
				CLANG_WARN_COMMA = YES;
				CLANG_WARN_CONSTANT_CONVERSION = YES;
				CLANG_WARN_DEPRECATED_OBJC_IMPLEMENTATIONS = YES;
				CLANG_WARN_DIRECT_OBJC_ISA_USAGE = YES_ERROR;
				CLANG_WARN_DOCUMENTATION_COMMENTS = YES;
				CLANG_WARN_EMPTY_BODY = YES;
				CLANG_WARN_ENUM_CONVERSION = YES;
				CLANG_WARN_INFINITE_RECURSION = YES;
				CLANG_WARN_INT_CONVERSION = YES;
				CLANG_WARN_NON_LITERAL_NULL_CONVERSION = YES;
				CLANG_WARN_OBJC_IMPLICIT_RETAIN_SELF = YES;
				CLANG_WARN_OBJC_LITERAL_CONVERSION = YES;
				CLANG_WARN_OBJC_ROOT_CLASS = YES_ERROR;
				CLANG_WARN_QUOTED_INCLUDE_IN_FRAMEWORK_HEADER = YES;
				CLANG_WARN_RANGE_LOOP_ANALYSIS = YES;
				CLANG_WARN_STRICT_PROTOTYPES = YES;
				CLANG_WARN_SUSPICIOUS_MOVE = YES;
				CLANG_WARN_UNGUARDED_AVAILABILITY = YES_AGGRESSIVE;
				CLANG_WARN_UNREACHABLE_CODE = YES;
				CLANG_WARN__DUPLICATE_METHOD_MATCH = YES;
				COPY_PHASE_STRIP = NO;
				DEBUG_INFORMATION_FORMAT = "dwarf-with-dsym";
				ENABLE_NS_ASSERTIONS = NO;
				ENABLE_STRICT_OBJC_MSGSEND = YES;
				GCC_C_LANGUAGE_STANDARD = gnu11;
				GCC_NO_COMMON_BLOCKS = YES;
				GCC_WARN_64_TO_32_BIT_CONVERSION = YES;
				GCC_WARN_ABOUT_RETURN_TYPE = YES_ERROR;
				GCC_WARN_UNDECLARED_SELECTOR = YES;
				GCC_WARN_UNINITIALIZED_AUTOS = YES_AGGRESSIVE;
				GCC_WARN_UNUSED_FUNCTION = YES;
				GCC_WARN_UNUSED_VARIABLE = YES;
				MACOSX_DEPLOYMENT_TARGET = 11.2;
				MTL_ENABLE_DEBUG_INFO = NO;
				MTL_FAST_MATH = YES;
				SDKROOT = macosx;
				SWIFT_COMPILATION_MODE = wholemodule;
				SWIFT_OPTIMIZATION_LEVEL = "-O";
			};
			name = Release;
		};
		E6247773266C350800554734 /* Debug */ = {
			isa = XCBuildConfiguration;
			baseConfigurationReference = CCA5179E7853153B2D6945E6 /* Pods-MacBryte.debug.xcconfig */;
			buildSettings = {
				ASSETCATALOG_COMPILER_APPICON_NAME = AppIcon;
				ASSETCATALOG_COMPILER_GLOBAL_ACCENT_COLOR_NAME = AccentColor;
				CODE_SIGN_ENTITLEMENTS = MacBryte/MacBryte.entitlements;
				CODE_SIGN_STYLE = Automatic;
				COMBINE_HIDPI_IMAGES = YES;
				INFOPLIST_FILE = MacBryte/Info.plist;
				LD_RUNPATH_SEARCH_PATHS = (
					"$(inherited)",
					"@executable_path/../Frameworks",
				);
				PRODUCT_BUNDLE_IDENTIFIER = com.rahulaggarwal.MacBryte;
				PRODUCT_NAME = "$(TARGET_NAME)";
				SWIFT_VERSION = 5.0;
			};
			name = Debug;
		};
		E6247774266C350800554734 /* Release */ = {
			isa = XCBuildConfiguration;
			baseConfigurationReference = B0FE1C517EF3EA39428044A4 /* Pods-MacBryte.release.xcconfig */;
			buildSettings = {
				ASSETCATALOG_COMPILER_APPICON_NAME = AppIcon;
				ASSETCATALOG_COMPILER_GLOBAL_ACCENT_COLOR_NAME = AccentColor;
				CODE_SIGN_ENTITLEMENTS = MacBryte/MacBryte.entitlements;
				CODE_SIGN_STYLE = Automatic;
				COMBINE_HIDPI_IMAGES = YES;
				INFOPLIST_FILE = MacBryte/Info.plist;
				LD_RUNPATH_SEARCH_PATHS = (
					"$(inherited)",
					"@executable_path/../Frameworks",
				);
				PRODUCT_BUNDLE_IDENTIFIER = com.rahulaggarwal.MacBryte;
				PRODUCT_NAME = "$(TARGET_NAME)";
				SWIFT_VERSION = 5.0;
			};
			name = Release;
		};
/* End XCBuildConfiguration section */

/* Begin XCConfigurationList section */
		E624775D266C350700554734 /* Build configuration list for PBXProject "MacBryte" */ = {
			isa = XCConfigurationList;
			buildConfigurations = (
				E6247770266C350800554734 /* Debug */,
				E6247771266C350800554734 /* Release */,
			);
			defaultConfigurationIsVisible = 0;
			defaultConfigurationName = Release;
		};
		E6247772266C350800554734 /* Build configuration list for PBXNativeTarget "MacBryte" */ = {
			isa = XCConfigurationList;
			buildConfigurations = (
				E6247773266C350800554734 /* Debug */,
				E6247774266C350800554734 /* Release */,
			);
			defaultConfigurationIsVisible = 0;
			defaultConfigurationName = Release;
		};
/* End XCConfigurationList section */
	};
	rootObject = E624775A266C350700554734 /* Project object */;
}
